
Microsoft Visual Studio Solution File, Format Version 12.00
# Visual Studio 14
VisualStudioVersion = 14.0.25420.1
MinimumVisualStudioVersion = 10.0.40219.1
Project("{FAE04EC0-301F-11D3-BF4B-00C04F79EFBC}") = "CSharpMutation", "CSharpMutation\CSharpMutation.csproj", "{D57D269B-F0E1-4872-88CF-895E632BDDB7}"
EndProject
Project("{FAE04EC0-301F-11D3-BF4B-00C04F79EFBC}") = "Interops", "Interops\Interops.csproj", "{7E65B317-4D11-4B5C-905D-A03E5F23FFFE}"
EndProject
Project("{FAE04EC0-301F-11D3-BF4B-00C04F79EFBC}") = "CSharpMutation_VSIX", "CSharpMutation_VSIX\CSharpMutation_VSIX.csproj", "{3E0A224B-E7D4-4B43-AFBD-F66AAE6072C8}"
EndProject
Global
	GlobalSection(SolutionConfigurationPlatforms) = preSolution
		Debug|Any CPU = Debug|Any CPU
		Debug|x86 = Debug|x86
		Release|Any CPU = Release|Any CPU
		Release|x86 = Release|x86
	EndGlobalSection
	GlobalSection(ProjectConfigurationPlatforms) = postSolution
		{D57D269B-F0E1-4872-88CF-895E632BDDB7}.Debug|Any CPU.ActiveCfg = Debug|x86
		{D57D269B-F0E1-4872-88CF-895E632BDDB7}.Debug|x86.ActiveCfg = Debug|x86
		{D57D269B-F0E1-4872-88CF-895E632BDDB7}.Debug|x86.Build.0 = Debug|x86
		{D57D269B-F0E1-4872-88CF-895E632BDDB7}.Release|Any CPU.ActiveCfg = Release|x86
		{D57D269B-F0E1-4872-88CF-895E632BDDB7}.Release|x86.ActiveCfg = Release|x86
		{D57D269B-F0E1-4872-88CF-895E632BDDB7}.Release|x86.Build.0 = Release|x86
		{7E65B317-4D11-4B5C-905D-A03E5F23FFFE}.Debug|Any CPU.ActiveCfg = Debug|Any CPU
		{7E65B317-4D11-4B5C-905D-A03E5F23FFFE}.Debug|Any CPU.Build.0 = Debug|Any CPU
		{7E65B317-4D11-4B5C-905D-A03E5F23FFFE}.Debug|x86.ActiveCfg = Debug|Any CPU
		{7E65B317-4D11-4B5C-905D-A03E5F23FFFE}.Debug|x86.Build.0 = Debug|Any CPU
		{7E65B317-4D11-4B5C-905D-A03E5F23FFFE}.Release|Any CPU.ActiveCfg = Release|Any CPU
		{7E65B317-4D11-4B5C-905D-A03E5F23FFFE}.Release|Any CPU.Build.0 = Release|Any CPU
		{7E65B317-4D11-4B5C-905D-A03E5F23FFFE}.Release|x86.ActiveCfg = Release|Any CPU
		{7E65B317-4D11-4B5C-905D-A03E5F23FFFE}.Release|x86.Build.0 = Release|Any CPU
		{3E0A224B-E7D4-4B43-AFBD-F66AAE6072C8}.Debug|Any CPU.ActiveCfg = Debug|Any CPU
		{3E0A224B-E7D4-4B43-AFBD-F66AAE6072C8}.Debug|Any CPU.Build.0 = Debug|Any CPU
		{3E0A224B-E7D4-4B43-AFBD-F66AAE6072C8}.Debug|x86.ActiveCfg = Debug|Any CPU
		{3E0A224B-E7D4-4B43-AFBD-F66AAE6072C8}.Debug|x86.Build.0 = Debug|Any CPU
		{3E0A224B-E7D4-4B43-AFBD-F66AAE6072C8}.Release|Any CPU.ActiveCfg = Release|Any CPU
		{3E0A224B-E7D4-4B43-AFBD-F66AAE6072C8}.Release|Any CPU.Build.0 = Release|Any CPU
		{3E0A224B-E7D4-4B43-AFBD-F66AAE6072C8}.Release|x86.ActiveCfg = Release|Any CPU
		{3E0A224B-E7D4-4B43-AFBD-F66AAE6072C8}.Release|x86.Build.0 = Release|Any CPU
	EndGlobalSection
	GlobalSection(SolutionProperties) = preSolution
		HideSolutionNode = FALSE
	EndGlobalSection
EndGlobal
